github.com/luizmoitinho/bookstore_oauth_api v0.0.0-20230303163757-1e8c290de14e h1:8gMUSXVIwaRmXpzHGGUKNog4SgEqktnvYoDDXeuRffU=
github.com/luizmoitinho/bookstore_oauth_api v0.0.0-20230303163757-1e8c290de14e/go.mod h1:7XqVcn5g47wDiFyAe6KJDmZDxBYWgEzoYbPrOQtfS48=
golang.org/x/net v0.0.0-20181220203305-927f97764cc3/go.mod h1:mL1N/T3taQHkDXs73rZJwtUhF3w3ftmwwsq0BUmARs4=
golang.org/x/net v0.4.0 h1:Q5QPcMlvfxFTAPV0+07Xz/MpK9NTXu2VDUuy0FeMfaU=
golang.org/x/net v0.4.0/go.mod h1:MBQ8lrhLObU/6UmLb4fmbmk5OcyYmqtbGd/9yIeKjEE=
gopkg.in/resty.v1 v1.12.0 h1:CuXP0Pjfw9rOuY6EP+UvtNvt5DSqHpIxILZKT/quCZI=
gopkg.in/resty.v1 v1.12.0/go.mod h1:mDo4pnntr5jdWRML875a/NmxYqAlA73dVijT2AXvQQo=
